github.com/matryer/is v1.4.0 h1:sosSmIWwkYITGrxZ25ULNDeKiMNzFSr4V/eqBQP0PeE=
github.com/matryer/is v1.4.0/go.mod h1:8I/i5uYgLzgsgEloJE1U6xx5HkBQpAZvepWuujKwMRU=
github.com/taybart/args v0.0.9 h1:Gd0XquI4vUmllpEbafjKtc+IjZ2cl5dFgW3sA7lVUkU=
github.com/taybart/args v0.0.9/go.mod h1:aZ8Gg0AdpDyO3BjBfPEiwkIHu/gV/k1Iz4FDJtytGIw=
github.com/taybart/log v1.5.1 h1:gRqWZW9IJ5dW8qVWBfDPM5+EbWAJ+iDG4u52wfHsiwc=
github.com/taybart/log v1.5.1/go.mod h1:zG3tAVOXRh0zQfyxs0dTqarj1hTKFOUWk/oKeiugmZA=
